
Microsoft Visual Studio Solution File, Format Version 12.00
# Visual Studio 15
VisualStudioVersion = 15.0.26124.0
MinimumVisualStudioVersion = 15.0.26124.0
Project("{2150E333-8FDC-42A3-9474-1A3956D46DE8}") = "src", "src", "{9162C618-2DF0-4EBF-9951-7F8B4791593C}"
EndProject
Project("{9A19103F-16F7-4668-BE54-9A1E7A4F7556}") = "Choam.ERP.API", "src\Choam.ERP.API\Choam.ERP.API.csproj", "{46036B9C-AA38-4DA0-9FCF-AFC4D727958F}"
EndProject
Project("{9A19103F-16F7-4668-BE54-9A1E7A4F7556}") = "Choam.ERP.Model", "src\Choam.ERP.Model\Choam.ERP.Model.csproj", "{65C0DD17-C64F-4CAC-AD1A-980CB7628C25}"
EndProject
Project("{9A19103F-16F7-4668-BE54-9A1E7A4F7556}") = "Choam.IDP", "src\Choam.IDP\Choam.IDP.csproj", "{31437161-DF54-4332-9931-01FF9A2B2945}"
EndProject
Project("{FAE04EC0-301F-11D3-BF4B-00C04F79EFBC}") = "Choam.ERP.Client", "src\Choam.ERP.Client\Choam.ERP.Client.csproj", "{DA019404-56D1-444E-8AB5-422AF5BE9FF9}"
EndProject
Global
	GlobalSection(SolutionConfigurationPlatforms) = preSolution
		Debug|Any CPU = Debug|Any CPU
		Debug|x64 = Debug|x64
		Debug|x86 = Debug|x86
		Release|Any CPU = Release|Any CPU
		Release|x64 = Release|x64
		Release|x86 = Release|x86
	EndGlobalSection
	GlobalSection(ProjectConfigurationPlatforms) = postSolution
		{46036B9C-AA38-4DA0-9FCF-AFC4D727958F}.Debug|Any CPU.ActiveCfg = Debug|Any CPU
		{46036B9C-AA38-4DA0-9FCF-AFC4D727958F}.Debug|Any CPU.Build.0 = Debug|Any CPU
		{46036B9C-AA38-4DA0-9FCF-AFC4D727958F}.Debug|x64.ActiveCfg = Debug|Any CPU
		{46036B9C-AA38-4DA0-9FCF-AFC4D727958F}.Debug|x64.Build.0 = Debug|Any CPU
		{46036B9C-AA38-4DA0-9FCF-AFC4D727958F}.Debug|x86.ActiveCfg = Debug|Any CPU
		{46036B9C-AA38-4DA0-9FCF-AFC4D727958F}.Debug|x86.Build.0 = Debug|Any CPU
		{46036B9C-AA38-4DA0-9FCF-AFC4D727958F}.Release|Any CPU.ActiveCfg = Release|Any CPU
		{46036B9C-AA38-4DA0-9FCF-AFC4D727958F}.Release|Any CPU.Build.0 = Release|Any CPU
		{46036B9C-AA38-4DA0-9FCF-AFC4D727958F}.Release|x64.ActiveCfg = Release|Any CPU
		{46036B9C-AA38-4DA0-9FCF-AFC4D727958F}.Release|x64.Build.0 = Release|Any CPU
		{46036B9C-AA38-4DA0-9FCF-AFC4D727958F}.Release|x86.ActiveCfg = Release|Any CPU
		{46036B9C-AA38-4DA0-9FCF-AFC4D727958F}.Release|x86.Build.0 = Release|Any CPU
		{65C0DD17-C64F-4CAC-AD1A-980CB7628C25}.Debug|Any CPU.ActiveCfg = Debug|Any CPU
		{65C0DD17-C64F-4CAC-AD1A-980CB7628C25}.Debug|Any CPU.Build.0 = Debug|Any CPU
		{65C0DD17-C64F-4CAC-AD1A-980CB7628C25}.Debug|x64.ActiveCfg = Debug|Any CPU
		{65C0DD17-C64F-4CAC-AD1A-980CB7628C25}.Debug|x64.Build.0 = Debug|Any CPU
		{65C0DD17-C64F-4CAC-AD1A-980CB7628C25}.Debug|x86.ActiveCfg = Debug|Any CPU
		{65C0DD17-C64F-4CAC-AD1A-980CB7628C25}.Debug|x86.Build.0 = Debug|Any CPU
		{65C0DD17-C64F-4CAC-AD1A-980CB7628C25}.Release|Any CPU.ActiveCfg = Release|Any CPU
		{65C0DD17-C64F-4CAC-AD1A-980CB7628C25}.Release|Any CPU.Build.0 = Release|Any CPU
		{65C0DD17-C64F-4CAC-AD1A-980CB7628C25}.Release|x64.ActiveCfg = Release|Any CPU
		{65C0DD17-C64F-4CAC-AD1A-980CB7628C25}.Release|x64.Build.0 = Release|Any CPU
		{65C0DD17-C64F-4CAC-AD1A-980CB7628C25}.Release|x86.ActiveCfg = Release|Any CPU
		{65C0DD17-C64F-4CAC-AD1A-980CB7628C25}.Release|x86.Build.0 = Release|Any CPU
		{31437161-DF54-4332-9931-01FF9A2B2945}.Debug|Any CPU.ActiveCfg = Debug|Any CPU
		{31437161-DF54-4332-9931-01FF9A2B2945}.Debug|Any CPU.Build.0 = Debug|Any CPU
		{31437161-DF54-4332-9931-01FF9A2B2945}.Debug|x64.ActiveCfg = Debug|Any CPU
		{31437161-DF54-4332-9931-01FF9A2B2945}.Debug|x64.Build.0 = Debug|Any CPU
		{31437161-DF54-4332-9931-01FF9A2B2945}.Debug|x86.ActiveCfg = Debug|Any CPU
		{31437161-DF54-4332-9931-01FF9A2B2945}.Debug|x86.Build.0 = Debug|Any CPU
		{31437161-DF54-4332-9931-01FF9A2B2945}.Release|Any CPU.ActiveCfg = Release|Any CPU
		{31437161-DF54-4332-9931-01FF9A2B2945}.Release|Any CPU.Build.0 = Release|Any CPU
		{31437161-DF54-4332-9931-01FF9A2B2945}.Release|x64.ActiveCfg = Release|Any CPU
		{31437161-DF54-4332-9931-01FF9A2B2945}.Release|x64.Build.0 = Release|Any CPU
		{31437161-DF54-4332-9931-01FF9A2B2945}.Release|x86.ActiveCfg = Release|Any CPU
		{31437161-DF54-4332-9931-01FF9A2B2945}.Release|x86.Build.0 = Release|Any CPU
		{DA019404-56D1-444E-8AB5-422AF5BE9FF9}.Debug|Any CPU.ActiveCfg = Debug|Any CPU
		{DA019404-56D1-444E-8AB5-422AF5BE9FF9}.Debug|Any CPU.Build.0 = Debug|Any CPU
		{DA019404-56D1-444E-8AB5-422AF5BE9FF9}.Debug|x64.ActiveCfg = Debug|Any CPU
		{DA019404-56D1-444E-8AB5-422AF5BE9FF9}.Debug|x64.Build.0 = Debug|Any CPU
		{DA019404-56D1-444E-8AB5-422AF5BE9FF9}.Debug|x86.ActiveCfg = Debug|Any CPU
		{DA019404-56D1-444E-8AB5-422AF5BE9FF9}.Debug|x86.Build.0 = Debug|Any CPU
		{DA019404-56D1-444E-8AB5-422AF5BE9FF9}.Release|Any CPU.ActiveCfg = Release|Any CPU
		{DA019404-56D1-444E-8AB5-422AF5BE9FF9}.Release|Any CPU.Build.0 = Release|Any CPU
		{DA019404-56D1-444E-8AB5-422AF5BE9FF9}.Release|x64.ActiveCfg = Release|Any CPU
		{DA019404-56D1-444E-8AB5-422AF5BE9FF9}.Release|x64.Build.0 = Release|Any CPU
		{DA019404-56D1-444E-8AB5-422AF5BE9FF9}.Release|x86.ActiveCfg = Release|Any CPU
		{DA019404-56D1-444E-8AB5-422AF5BE9FF9}.Release|x86.Build.0 = Release|Any CPU
	EndGlobalSection
	GlobalSection(SolutionProperties) = preSolution
		HideSolutionNode = FALSE
	EndGlobalSection
	GlobalSection(NestedProjects) = preSolution
		{46036B9C-AA38-4DA0-9FCF-AFC4D727958F} = {9162C618-2DF0-4EBF-9951-7F8B4791593C}
		{65C0DD17-C64F-4CAC-AD1A-980CB7628C25} = {9162C618-2DF0-4EBF-9951-7F8B4791593C}
		{31437161-DF54-4332-9931-01FF9A2B2945} = {9162C618-2DF0-4EBF-9951-7F8B4791593C}
		{DA019404-56D1-444E-8AB5-422AF5BE9FF9} = {9162C618-2DF0-4EBF-9951-7F8B4791593C}
	EndGlobalSection
	GlobalSection(ExtensibilityGlobals) = postSolution
		SolutionGuid = {6BD43E7C-4469-408D-818F-A110192F2BCA}
	EndGlobalSection
EndGlobal
